// !$*UTF8*$!
{
	archiveVersion = 1;
	classes = {
	};
	objectVersion = 46;
	objects = {

/* Begin PBXBuildFile section */
		1B76087471922C3BD75C842F /* libPods-DTSethKit.a in Frameworks */ = {isa = PBXBuildFile; fileRef = 7DED90145C7F9C558278C580 /* libPods-DTSethKit.a */; };
		5D3FBED61E81090B00350CF2 /* ChainSyntaxSample.m in Sources */ = {isa = PBXBuildFile; fileRef = 5D3FBED51E81090B00350CF2 /* ChainSyntaxSample.m */; };
		5D6E0FDD1E63D2A800D506A7 /* main.m in Sources */ = {isa = PBXBuildFile; fileRef = 5D6E0FDC1E63D2A800D506A7 /* main.m */; };
		5D6E0FE01E63D2A800D506A7 /* AppDelegate.m in Sources */ = {isa = PBXBuildFile; fileRef = 5D6E0FDF1E63D2A800D506A7 /* AppDelegate.m */; };
		5D6E0FE31E63D2A800D506A7 /* ViewController.m in Sources */ = {isa = PBXBuildFile; fileRef = 5D6E0FE21E63D2A800D506A7 /* ViewController.m */; };
		5D6E0FE61E63D2A800D506A7 /* Main.storyboard in Resources */ = {isa = PBXBuildFile; fileRef = 5D6E0FE41E63D2A800D506A7 /* Main.storyboard */; };
		5D6E0FE81E63D2A800D506A7 /* Assets.xcassets in Resources */ = {isa = PBXBuildFile; fileRef = 5D6E0FE71E63D2A800D506A7 /* Assets.xcassets */; };
		5D6E0FEB1E63D2A800D506A7 /* LaunchScreen.storyboard in Resources */ = {isa = PBXBuildFile; fileRef = 5D6E0FE91E63D2A800D506A7 /* LaunchScreen.storyboard */; };
		5DE07ED61ECDA3DA00B9BEEA /* SethMethodManager.m in Sources */ = {isa = PBXBuildFile; fileRef = 5DE07ED51ECDA3DA00B9BEEA /* SethMethodManager.m */; };
		5DE07EE91ED2E6E700B9BEEA /* DispatchGCD.m in Sources */ = {isa = PBXBuildFile; fileRef = 5DE07EE81ED2E6E600B9BEEA /* DispatchGCD.m */; };
		E5487D5A393A5B8EE5BAB78F /* libPods-DTSethKit.a in Frameworks */ = {isa = PBXBuildFile; fileRef = 7DED90145C7F9C558278C580 /* libPods-DTSethKit.a */; };
/* End PBXBuildFile section */

/* Begin PBXCopyFilesBuildPhase section */
		5D6E1B951E6AAB0B00D506A7 /* Embed Frameworks */ = {
			isa = PBXCopyFilesBuildPhase;
			buildActionMask = 2147483647;
			dstPath = "";
			dstSubfolderSpec = 10;
			files = (
			);
			name = "Embed Frameworks";
			runOnlyForDeploymentPostprocessing = 0;
		};
/* End PBXCopyFilesBuildPhase section */

/* Begin PBXFileReference section */
		10312ECF9195DF3563538D7E /* libPods-DTSethKitFrameWork.a */ = {isa = PBXFileReference; explicitFileType = archive.ar; includeInIndex = 0; path = "libPods-DTSethKitFrameWork.a"; sourceTree = BUILT_PRODUCTS_DIR; };
		3A8260E361E59A5CCC649ABF /* Pods-DTSethKitFrameWork.debug.xcconfig */ = {isa = PBXFileReference; includeInIndex = 1; lastKnownFileType = text.xcconfig; name = "Pods-DTSethKitFrameWork.debug.xcconfig"; path = "Pods/Target Support Files/Pods-DTSethKitFrameWork/Pods-DTSethKitFrameWork.debug.xcconfig"; sourceTree = "<group>"; };
		4B380E2B0E4C63C9F3FC38CE /* Pods-DTSethKitLib.debug.xcconfig */ = {isa = PBXFileReference; includeInIndex = 1; lastKnownFileType = text.xcconfig; name = "Pods-DTSethKitLib.debug.xcconfig"; path = "Pods/Target Support Files/Pods-DTSethKitLib/Pods-DTSethKitLib.debug.xcconfig"; sourceTree = "<group>"; };
		5D3FBED11E80FEF500350CF2 /* Swift.playground */ = {isa = PBXFileReference; lastKnownFileType = file.playground; path = Swift.playground; sourceTree = "<group>"; xcLanguageSpecificationIdentifier = xcode.lang.swift; };
		5D3FBED21E80FF6800350CF2 /* Learn.h */ = {isa = PBXFileReference; lastKnownFileType = sourcecode.c.h; path = Learn.h; sourceTree = "<group>"; };
		5D3FBED41E81090B00350CF2 /* ChainSyntaxSample.h */ = {isa = PBXFileReference; fileEncoding = 4; lastKnownFileType = sourcecode.c.h; path = ChainSyntaxSample.h; sourceTree = "<group>"; };
		5D3FBED51E81090B00350CF2 /* ChainSyntaxSample.m */ = {isa = PBXFileReference; fileEncoding = 4; lastKnownFileType = sourcecode.c.objc; path = ChainSyntaxSample.m; sourceTree = "<group>"; };
		5D3FBED71E81098600350CF2 /* DTSethKit.pch */ = {isa = PBXFileReference; lastKnownFileType = sourcecode.c.h; path = DTSethKit.pch; sourceTree = "<group>"; };
		5D3FBED91E810BE900350CF2 /* Macros.h */ = {isa = PBXFileReference; lastKnownFileType = sourcecode.c.h; path = Macros.h; sourceTree = "<group>"; };
		5D6E0FD81E63D2A800D506A7 /* DTSethKit.app */ = {isa = PBXFileReference; explicitFileType = wrapper.application; includeInIndex = 0; path = DTSethKit.app; sourceTree = BUILT_PRODUCTS_DIR; };
		5D6E0FDC1E63D2A800D506A7 /* main.m */ = {isa = PBXFileReference; lastKnownFileType = sourcecode.c.objc; path = main.m; sourceTree = "<group>"; };
		5D6E0FDE1E63D2A800D506A7 /* AppDelegate.h */ = {isa = PBXFileReference; lastKnownFileType = sourcecode.c.h; path = AppDelegate.h; sourceTree = "<group>"; };
		5D6E0FDF1E63D2A800D506A7 /* AppDelegate.m */ = {isa = PBXFileReference; lastKnownFileType = sourcecode.c.objc; path = AppDelegate.m; sourceTree = "<group>"; };
		5D6E0FE11E63D2A800D506A7 /* ViewController.h */ = {isa = PBXFileReference; lastKnownFileType = sourcecode.c.h; path = ViewController.h; sourceTree = "<group>"; };
		5D6E0FE21E63D2A800D506A7 /* ViewController.m */ = {isa = PBXFileReference; lastKnownFileType = sourcecode.c.objc; path = ViewController.m; sourceTree = "<group>"; };
		5D6E0FE51E63D2A800D506A7 /* Base */ = {isa = PBXFileReference; lastKnownFileType = file.storyboard; name = Base; path = Base.lproj/Main.storyboard; sourceTree = "<group>"; };
		5D6E0FE71E63D2A800D506A7 /* Assets.xcassets */ = {isa = PBXFileReference; lastKnownFileType = folder.assetcatalog; path = Assets.xcassets; sourceTree = "<group>"; };
		5D6E0FEA1E63D2A800D506A7 /* Base */ = {isa = PBXFileReference; lastKnownFileType = file.storyboard; name = Base; path = Base.lproj/LaunchScreen.storyboard; sourceTree = "<group>"; };
		5D6E0FEC1E63D2A800D506A7 /* Info.plist */ = {isa = PBXFileReference; lastKnownFileType = text.plist.xml; path = Info.plist; sourceTree = "<group>"; };
		5DE0774C1EC2E1B700B9BEEA /* MyPlayground.playground */ = {isa = PBXFileReference; lastKnownFileType = file.playground; path = MyPlayground.playground; sourceTree = "<group>"; };
		5DE07EC61ECBE4F400B9BEEA /* LearnRuntime.h */ = {isa = PBXFileReference; fileEncoding = 4; lastKnownFileType = sourcecode.c.h; path = LearnRuntime.h; sourceTree = "<group>"; };
		5DE07ED41ECDA3DA00B9BEEA /* SethMethodManager.h */ = {isa = PBXFileReference; fileEncoding = 4; lastKnownFileType = sourcecode.c.h; path = SethMethodManager.h; sourceTree = "<group>"; };
		5DE07ED51ECDA3DA00B9BEEA /* SethMethodManager.m */ = {isa = PBXFileReference; fileEncoding = 4; lastKnownFileType = sourcecode.c.objc; path = SethMethodManager.m; sourceTree = "<group>"; };
		5DE07EE71ED2E6E600B9BEEA /* DispatchGCD.h */ = {isa = PBXFileReference; fileEncoding = 4; lastKnownFileType = sourcecode.c.h; path = DispatchGCD.h; sourceTree = "<group>"; };
		5DE07EE81ED2E6E600B9BEEA /* DispatchGCD.m */ = {isa = PBXFileReference; fileEncoding = 4; lastKnownFileType = sourcecode.c.objc; path = DispatchGCD.m; sourceTree = "<group>"; };
		65529E530696752B94B3E018 /* Pods-DTSethKitFrameWork.release.xcconfig */ = {isa = PBXFileReference; includeInIndex = 1; lastKnownFileType = text.xcconfig; name = "Pods-DTSethKitFrameWork.release.xcconfig"; path = "Pods/Target Support Files/Pods-DTSethKitFrameWork/Pods-DTSethKitFrameWork.release.xcconfig"; sourceTree = "<group>"; };
		7BB282B108AE895C839F8F13 /* libPods-DTSethKitLib.a */ = {isa = PBXFileReference; explicitFileType = archive.ar; includeInIndex = 0; path = "libPods-DTSethKitLib.a"; sourceTree = BUILT_PRODUCTS_DIR; };
		7DED90145C7F9C558278C580 /* libPods-DTSethKit.a */ = {isa = PBXFileReference; explicitFileType = archive.ar; includeInIndex = 0; path = "libPods-DTSethKit.a"; sourceTree = BUILT_PRODUCTS_DIR; };
		E1E22368F6A136C66D3F8AC7 /* Pods-DTSethKit.release.xcconfig */ = {isa = PBXFileReference; includeInIndex = 1; lastKnownFileType = text.xcconfig; name = "Pods-DTSethKit.release.xcconfig"; path = "Pods/Target Support Files/Pods-DTSethKit/Pods-DTSethKit.release.xcconfig"; sourceTree = "<group>"; };
		E80558A3D31FE512F895D2A7 /* Pods-DTSethKit.debug.xcconfig */ = {isa = PBXFileReference; includeInIndex = 1; lastKnownFileType = text.xcconfig; name = "Pods-DTSethKit.debug.xcconfig"; path = "Pods/Target Support Files/Pods-DTSethKit/Pods-DTSethKit.debug.xcconfig"; sourceTree = "<group>"; };
		E9F8A06F98F2CE42F81B38E0 /* libPods-DTSethKit-New.a */ = {isa = PBXFileReference; explicitFileType = archive.ar; includeInIndex = 0; path = "libPods-DTSethKit-New.a"; sourceTree = BUILT_PRODUCTS_DIR; };
		EA456857436C7F497304FC9B /* Pods-DTSethKitLib.release.xcconfig */ = {isa = PBXFileReference; includeInIndex = 1; lastKnownFileType = text.xcconfig; name = "Pods-DTSethKitLib.release.xcconfig"; path = "Pods/Target Support Files/Pods-DTSethKitLib/Pods-DTSethKitLib.release.xcconfig"; sourceTree = "<group>"; };
/* End PBXFileReference section */

/* Begin PBXFrameworksBuildPhase section */
		5D6E0FD51E63D2A800D506A7 /* Frameworks */ = {
			isa = PBXFrameworksBuildPhase;
			buildActionMask = 2147483647;
			files = (
				1B76087471922C3BD75C842F /* libPods-DTSethKit.a in Frameworks */,
				E5487D5A393A5B8EE5BAB78F /* libPods-DTSethKit.a in Frameworks */,
			);
			runOnlyForDeploymentPostprocessing = 0;
		};
/* End PBXFrameworksBuildPhase section */

/* Begin PBXGroup section */
		07321F5D7E96D74CAF552193 /* Pods */ = {
			isa = PBXGroup;
			children = (
				E80558A3D31FE512F895D2A7 /* Pods-DTSethKit.debug.xcconfig */,
				E1E22368F6A136C66D3F8AC7 /* Pods-DTSethKit.release.xcconfig */,
				3A8260E361E59A5CCC649ABF /* Pods-DTSethKitFrameWork.debug.xcconfig */,
				65529E530696752B94B3E018 /* Pods-DTSethKitFrameWork.release.xcconfig */,
				4B380E2B0E4C63C9F3FC38CE /* Pods-DTSethKitLib.debug.xcconfig */,
				EA456857436C7F497304FC9B /* Pods-DTSethKitLib.release.xcconfig */,
			);
			name = Pods;
			sourceTree = "<group>";
		};
		2FF2DD006873FCB146EBF917 /* Frameworks */ = {
			isa = PBXGroup;
			children = (
				7DED90145C7F9C558278C580 /* libPods-DTSethKit.a */,
				10312ECF9195DF3563538D7E /* libPods-DTSethKitFrameWork.a */,
				7BB282B108AE895C839F8F13 /* libPods-DTSethKitLib.a */,
				E9F8A06F98F2CE42F81B38E0 /* libPods-DTSethKit-New.a */,
			);
			name = Frameworks;
			sourceTree = "<group>";
		};
		5D3FBECD1E7FBE9000350CF2 /* Category */ = {
			isa = PBXGroup;
			children = (
			);
			path = Category;
			sourceTree = "<group>";
		};
		5D3FBED01E80FEEA00350CF2 /* Learn */ = {
			isa = PBXGroup;
			children = (
				5DE07EE61ED2E6CE00B9BEEA /* GCD */,
				5D3FBED81E8109F400350CF2 /* chainsytax */,
				5D3FBED11E80FEF500350CF2 /* Swift.playground */,
				5D3FBED21E80FF6800350CF2 /* Learn.h */,
			);
			path = Learn;
			sourceTree = "<group>";
		};
		5D3FBED81E8109F400350CF2 /* chainsytax */ = {
			isa = PBXGroup;
			children = (
				5D3FBED41E81090B00350CF2 /* ChainSyntaxSample.h */,
				5D3FBED51E81090B00350CF2 /* ChainSyntaxSample.m */,
			);
			path = chainsytax;
			sourceTree = "<group>";
		};
		5D6E0FCF1E63D2A800D506A7 = {
			isa = PBXGroup;
			children = (
				5D6E0FDA1E63D2A800D506A7 /* DTSethKit */,
				5D6E0FD91E63D2A800D506A7 /* Products */,
				07321F5D7E96D74CAF552193 /* Pods */,
				2FF2DD006873FCB146EBF917 /* Frameworks */,
			);
			sourceTree = "<group>";
		};
		5D6E0FD91E63D2A800D506A7 /* Products */ = {
			isa = PBXGroup;
			children = (
				5D6E0FD81E63D2A800D506A7 /* DTSethKit.app */,
			);
			name = Products;
			sourceTree = "<group>";
		};
		5D6E0FDA1E63D2A800D506A7 /* DTSethKit */ = {
			isa = PBXGroup;
			children = (
				5D6E1B961E6E5B4E00D506A7 /* AppUtil */,
				5D3FBECD1E7FBE9000350CF2 /* Category */,
				5D6E1B971E6E5B5E00D506A7 /* AOP */,
				5D3FBED01E80FEEA00350CF2 /* Learn */,
				5DDC68AB1FDFD555006B4825 /* FastDevelopment */,
				5D6E0FDE1E63D2A800D506A7 /* AppDelegate.h */,
				5D6E0FDF1E63D2A800D506A7 /* AppDelegate.m */,
				5D6E0FE11E63D2A800D506A7 /* ViewController.h */,
				5D6E0FE21E63D2A800D506A7 /* ViewController.m */,
				5D6E0FE41E63D2A800D506A7 /* Main.storyboard */,
				5D6E0FE71E63D2A800D506A7 /* Assets.xcassets */,
				5D6E0FE91E63D2A800D506A7 /* LaunchScreen.storyboard */,
				5D6E0FEC1E63D2A800D506A7 /* Info.plist */,
				5D6E0FDB1E63D2A800D506A7 /* Supporting Files */,
			);
			path = DTSethKit;
			sourceTree = "<group>";
		};
		5D6E0FDB1E63D2A800D506A7 /* Supporting Files */ = {
			isa = PBXGroup;
			children = (
				5D6E0FDC1E63D2A800D506A7 /* main.m */,
				5D3FBED71E81098600350CF2 /* DTSethKit.pch */,
			);
			name = "Supporting Files";
			sourceTree = "<group>";
		};
		5D6E1B961E6E5B4E00D506A7 /* AppUtil */ = {
			isa = PBXGroup;
			children = (
				5D3FBED91E810BE900350CF2 /* Macros.h */,
			);
			path = AppUtil;
			sourceTree = "<group>";
		};
		5D6E1B971E6E5B5E00D506A7 /* AOP */ = {
			isa = PBXGroup;
			children = (
				5DE0774C1EC2E1B700B9BEEA /* MyPlayground.playground */,
				5DE07EC61ECBE4F400B9BEEA /* LearnRuntime.h */,
				5DE07ED41ECDA3DA00B9BEEA /* SethMethodManager.h */,
				5DE07ED51ECDA3DA00B9BEEA /* SethMethodManager.m */,
			);
			path = AOP;
			sourceTree = "<group>";
		};
		5DDC68AB1FDFD555006B4825 /* FastDevelopment */ = {
			isa = PBXGroup;
			children = (
			);
			path = FastDevelopment;
			sourceTree = "<group>";
		};
		5DE07EE61ED2E6CE00B9BEEA /* GCD */ = {
			isa = PBXGroup;
			children = (
				5DE07EE71ED2E6E600B9BEEA /* DispatchGCD.h */,
				5DE07EE81ED2E6E600B9BEEA /* DispatchGCD.m */,
			);
			path = GCD;
			sourceTree = "<group>";
		};
/* End PBXGroup section */

/* Begin PBXNativeTarget section */
		5D6E0FD71E63D2A800D506A7 /* DTSethKit */ = {
			isa = PBXNativeTarget;
			buildConfigurationList = 5D6E0FEF1E63D2A800D506A7 /* Build configuration list for PBXNativeTarget "DTSethKit" */;
			buildPhases = (
				B88178CB9607F4163B1E4B37 /* [CP] Check Pods Manifest.lock */,
				5D6E0FD41E63D2A800D506A7 /* Sources */,
				5D6E0FD51E63D2A800D506A7 /* Frameworks */,
				5D6E0FD61E63D2A800D506A7 /* Resources */,
				5D6E1B951E6AAB0B00D506A7 /* Embed Frameworks */,
				CA8EA7620C9E9EB4F768A25E /* [CP] Embed Pods Frameworks */,
				F1795544F5CA52D1A726B25B /* [CP] Copy Pods Resources */,
			);
			buildRules = (
			);
			dependencies = (
			);
			name = DTSethKit;
			productName = DTSethKit;
			productReference = 5D6E0FD81E63D2A800D506A7 /* DTSethKit.app */;
			productType = "com.apple.product-type.application";
		};
/* End PBXNativeTarget section */

/* Begin PBXProject section */
		5D6E0FD01E63D2A800D506A7 /* Project object */ = {
			isa = PBXProject;
			attributes = {
				LastUpgradeCheck = 0810;
				ORGANIZATIONNAME = detu;
				TargetAttributes = {
					5D6E0FD71E63D2A800D506A7 = {
						CreatedOnToolsVersion = 8.1;
						DevelopmentTeam = 2T4W7AYHBZ;
						ProvisioningStyle = Manual;
					};
				};
			};
			buildConfigurationList = 5D6E0FD31E63D2A800D506A7 /* Build configuration list for PBXProject "DTSethKit" */;
			compatibilityVersion = "Xcode 3.2";
			developmentRegion = English;
			hasScannedForEncodings = 0;
			knownRegions = (
				en,
				Base,
			);
			mainGroup = 5D6E0FCF1E63D2A800D506A7;
			productRefGroup = 5D6E0FD91E63D2A800D506A7 /* Products */;
			projectDirPath = "";
			projectRoot = "";
			targets = (
				5D6E0FD71E63D2A800D506A7 /* DTSethKit */,
			);
		};
/* End PBXProject section */

/* Begin PBXResourcesBuildPhase section */
		5D6E0FD61E63D2A800D506A7 /* Resources */ = {
			isa = PBXResourcesBuildPhase;
			buildActionMask = 2147483647;
			files = (
				5D6E0FEB1E63D2A800D506A7 /* LaunchScreen.storyboard in Resources */,
				5D6E0FE81E63D2A800D506A7 /* Assets.xcassets in Resources */,
				5D6E0FE61E63D2A800D506A7 /* Main.storyboard in Resources */,
			);
			runOnlyForDeploymentPostprocessing = 0;
		};
/* End PBXResourcesBuildPhase section */

/* Begin PBXShellScriptBuildPhase section */
		B88178CB9607F4163B1E4B37 /* [CP] Check Pods Manifest.lock */ = {
			isa = PBXShellScriptBuildPhase;
			buildActionMask = 2147483647;
			files = (
			);
			inputPaths = (
			);
			name = "[CP] Check Pods Manifest.lock";
			outputPaths = (
			);
			runOnlyForDeploymentPostprocessing = 0;
			shellPath = /bin/sh;
			shellScript = "diff \"${PODS_ROOT}/../Podfile.lock\" \"${PODS_ROOT}/Manifest.lock\" > /dev/null\nif [ $? != 0 ] ; then\n    # print error to STDERR\n    echo \"error: The sandbox is not in sync with the Podfile.lock. Run 'pod install' or update your CocoaPods installation.\" >&2\n    exit 1\nfi\n";
			showEnvVarsInLog = 0;
		};
		CA8EA7620C9E9EB4F768A25E /* [CP] Embed Pods Frameworks */ = {
			isa = PBXShellScriptBuildPhase;
			buildActionMask = 2147483647;
			files = (
			);
			inputPaths = (
			);
			name = "[CP] Embed Pods Frameworks";
			outputPaths = (
			);
			runOnlyForDeploymentPostprocessing = 0;
			shellPath = /bin/sh;
			shellScript = "\"${SRCROOT}/Pods/Target Support Files/Pods-DTSethKit/Pods-DTSethKit-frameworks.sh\"\n";
			showEnvVarsInLog = 0;
		};
		F1795544F5CA52D1A726B25B /* [CP] Copy Pods Resources */ = {
			isa = PBXShellScriptBuildPhase;
			buildActionMask = 2147483647;
			files = (
			);
			inputPaths = (
			);
			name = "[CP] Copy Pods Resources";
			outputPaths = (
			);
			runOnlyForDeploymentPostprocessing = 0;
			shellPath = /bin/sh;
			shellScript = "\"${SRCROOT}/Pods/Target Support Files/Pods-DTSethKit/Pods-DTSethKit-resources.sh\"\n";
			showEnvVarsInLog = 0;
		};
/* End PBXShellScriptBuildPhase section */

/* Begin PBXSourcesBuildPhase section */
		5D6E0FD41E63D2A800D506A7 /* Sources */ = {
			isa = PBXSourcesBuildPhase;
			buildActionMask = 2147483647;
			files = (
				5D3FBED61E81090B00350CF2 /* ChainSyntaxSample.m in Sources */,
				5D6E0FE31E63D2A800D506A7 /* ViewController.m in Sources */,
				5DE07EE91ED2E6E700B9BEEA /* DispatchGCD.m in Sources */,
				5D6E0FE01E63D2A800D506A7 /* AppDelegate.m in Sources */,
				5DE07ED61ECDA3DA00B9BEEA /* SethMethodManager.m in Sources */,
				5D6E0FDD1E63D2A800D506A7 /* main.m in Sources */,
			);
			runOnlyForDeploymentPostprocessing = 0;
		};
/* End PBXSourcesBuildPhase section */

/* Begin PBXVariantGroup section */
		5D6E0FE41E63D2A800D506A7 /* Main.storyboard */ = {
			isa = PBXVariantGroup;
			children = (
				5D6E0FE51E63D2A800D506A7 /* Base */,
			);
			name = Main.storyboard;
			sourceTree = "<group>";
		};
		5D6E0FE91E63D2A800D506A7 /* LaunchScreen.storyboard */ = {
			isa = PBXVariantGroup;
			children = (
				5D6E0FEA1E63D2A800D506A7 /* Base */,
			);
			name = LaunchScreen.storyboard;
			sourceTree = "<group>";
		};
/* End PBXVariantGroup section */

/* Begin XCBuildConfiguration section */
		5D6E0FED1E63D2A800D506A7 /* Debug */ = {
			isa = XCBuildConfiguration;
			buildSettings = {
				ALWAYS_SEARCH_USER_PATHS = NO;
				CLANG_ANALYZER_NONNULL = YES;
				CLANG_CXX_LANGUAGE_STANDARD = "gnu++0x";
				CLANG_CXX_LIBRARY = "libc++";
				CLANG_ENABLE_MODULES = YES;
				CLANG_ENABLE_OBJC_ARC = YES;
				CLANG_WARN_BOOL_CONVERSION = YES;
				CLANG_WARN_CONSTANT_CONVERSION = YES;
				CLANG_WARN_DIRECT_OBJC_ISA_USAGE = YES_ERROR;
				CLANG_WARN_DOCUMENTATION_COMMENTS = YES;
				CLANG_WARN_EMPTY_BODY = YES;
				CLANG_WARN_ENUM_CONVERSION = YES;
				CLANG_WARN_INFINITE_RECURSION = YES;
				CLANG_WARN_INT_CONVERSION = YES;
				CLANG_WARN_OBJC_ROOT_CLASS = YES_ERROR;
				CLANG_WARN_SUSPICIOUS_MOVES = YES;
				CLANG_WARN_UNREACHABLE_CODE = YES;
				CLANG_WARN__DUPLICATE_METHOD_MATCH = YES;
				"CODE_SIGN_IDENTITY[sdk=iphoneos*]" = "iPhone Developer";
				COPY_PHASE_STRIP = NO;
				DEBUG_INFORMATION_FORMAT = dwarf;
				ENABLE_STRICT_OBJC_MSGSEND = YES;
				ENABLE_TESTABILITY = YES;
				GCC_C_LANGUAGE_STANDARD = gnu99;
				GCC_DYNAMIC_NO_PIC = NO;
				GCC_NO_COMMON_BLOCKS = YES;
				GCC_OPTIMIZATION_LEVEL = 0;
				GCC_PREPROCESSOR_DEFINITIONS = (
					"DEBUG=1",
					"$(inherited)",
				);
				GCC_WARN_64_TO_32_BIT_CONVERSION = YES;
				GCC_WARN_ABOUT_RETURN_TYPE = YES_ERROR;
				GCC_WARN_UNDECLARED_SELECTOR = YES;
				GCC_WARN_UNINITIALIZED_AUTOS = YES_AGGRESSIVE;
				GCC_WARN_UNUSED_FUNCTION = YES;
				GCC_WARN_UNUSED_VARIABLE = YES;
				IPHONEOS_DEPLOYMENT_TARGET = 10.1;
				MTL_ENABLE_DEBUG_INFO = YES;
				ONLY_ACTIVE_ARCH = YES;
				SDKROOT = iphoneos;
				TARGETED_DEVICE_FAMILY = "1,2";
			};
			name = Debug;
		};
		5D6E0FEE1E63D2A800D506A7 /* Release */ = {
			isa = XCBuildConfiguration;
			buildSettings = {
				ALWAYS_SEARCH_USER_PATHS = NO;
				CLANG_ANALYZER_NONNULL = YES;
				CLANG_CXX_LANGUAGE_STANDARD = "gnu++0x";
				CLANG_CXX_LIBRARY = "libc++";
				CLANG_ENABLE_MODULES = YES;
				CLANG_ENABLE_OBJC_ARC = YES;
				CLANG_WARN_BOOL_CONVERSION = YES;
				CLANG_WARN_CONSTANT_CONVERSION = YES;
				CLANG_WARN_DIRECT_OBJC_ISA_USAGE = YES_ERROR;
				CLANG_WARN_DOCUMENTATION_COMMENTS = YES;
				CLANG_WARN_EMPTY_BODY = YES;
				CLANG_WARN_ENUM_CONVERSION = YES;
				CLANG_WARN_INFINITE_RECURSION = YES;
				CLANG_WARN_INT_CONVERSION = YES;
				CLANG_WARN_OBJC_ROOT_CLASS = YES_ERROR;
				CLANG_WARN_SUSPICIOUS_MOVES = YES;
				CLANG_WARN_UNREACHABLE_CODE = YES;
				CLANG_WARN__DUPLICATE_METHOD_MATCH = YES;
				"CODE_SIGN_IDENTITY[sdk=iphoneos*]" = "iPhone Developer";
				COPY_PHASE_STRIP = NO;
				DEBUG_INFORMATION_FORMAT = "dwarf-with-dsym";
				ENABLE_NS_ASSERTIONS = NO;
				ENABLE_STRICT_OBJC_MSGSEND = YES;
				GCC_C_LANGUAGE_STANDARD = gnu99;
				GCC_NO_COMMON_BLOCKS = YES;
				GCC_WARN_64_TO_32_BIT_CONVERSION = YES;
				GCC_WARN_ABOUT_RETURN_TYPE = YES_ERROR;
				GCC_WARN_UNDECLARED_SELECTOR = YES;
				GCC_WARN_UNINITIALIZED_AUTOS = YES_AGGRESSIVE;
				GCC_WARN_UNUSED_FUNCTION = YES;
				GCC_WARN_UNUSED_VARIABLE = YES;
				IPHONEOS_DEPLOYMENT_TARGET = 10.1;
				MTL_ENABLE_DEBUG_INFO = NO;
				SDKROOT = iphoneos;
				TARGETED_DEVICE_FAMILY = "1,2";
				VALIDATE_PRODUCT = YES;
			};
			name = Release;
		};
		5D6E0FF01E63D2A800D506A7 /* Debug */ = {
			isa = XCBuildConfiguration;
			baseConfigurationReference = E80558A3D31FE512F895D2A7 /* Pods-DTSethKit.debug.xcconfig */;
			buildSettings = {
				ASSETCATALOG_COMPILER_APPICON_NAME = AppIcon;
				DEVELOPMENT_TEAM = 2T4W7AYHBZ;
				GCC_PREPROCESSOR_DEFINITIONS_NOT_USED_IN_PRECOMPS = "TARGET_VERSION_LITE=0";
				INFOPLIST_FILE = DTSethKit/Info.plist;
				IPHONEOS_DEPLOYMENT_TARGET = 8.0;
				LD_RUNPATH_SEARCH_PATHS = "$(inherited) @executable_path/Frameworks";
				PRODUCT_BUNDLE_IDENTIFIER = com.detu.DTSethKit;
				PRODUCT_NAME = "$(TARGET_NAME)";
				PROVISIONING_PROFILE = "59e96add-1efc-4b2b-83ea-fa1557759354";
				PROVISIONING_PROFILE_SPECIFIER = 186_seth_dev;
			};
			name = Debug;
		};
		5D6E0FF11E63D2A800D506A7 /* Release */ = {
			isa = XCBuildConfiguration;
			baseConfigurationReference = E1E22368F6A136C66D3F8AC7 /* Pods-DTSethKit.release.xcconfig */;
			buildSettings = {
				ASSETCATALOG_COMPILER_APPICON_NAME = AppIcon;
				DEVELOPMENT_TEAM = "";
				GCC_PREPROCESSOR_DEFINITIONS_NOT_USED_IN_PRECOMPS = "TARGET_VERSION_LITE=0";
				INFOPLIST_FILE = DTSethKit/Info.plist;
				IPHONEOS_DEPLOYMENT_TARGET = 8.0;
				LD_RUNPATH_SEARCH_PATHS = "$(inherited) @executable_path/Frameworks";
				PRODUCT_BUNDLE_IDENTIFIER = com.detu.DTSethKit;
				PRODUCT_NAME = "$(TARGET_NAME)";
				PROVISIONING_PROFILE_SPECIFIER = "";
			};
			name = Release;
		};
/* End XCBuildConfiguration section */

/* Begin XCConfigurationList section */
		5D6E0FD31E63D2A800D506A7 /* Build configuration list for PBXProject "DTSethKit" */ = {
			isa = XCConfigurationList;
			buildConfigurations = (
				5D6E0FED1E63D2A800D506A7 /* Debug */,
				5D6E0FEE1E63D2A800D506A7 /* Release */,
			);
			defaultConfigurationIsVisible = 0;
			defaultConfigurationName = Release;
		};
		5D6E0FEF1E63D2A800D506A7 /* Build configuration list for PBXNativeTarget "DTSethKit" */ = {
			isa = XCConfigurationList;
			buildConfigurations = (
				5D6E0FF01E63D2A800D506A7 /* Debug */,
				5D6E0FF11E63D2A800D506A7 /* Release */,
			);
			defaultConfigurationIsVisible = 0;
			defaultConfigurationName = Release;
		};
/* End XCConfigurationList section */
	};
	rootObject = 5D6E0FD01E63D2A800D506A7 /* Project object */;
}
